{
  "originHash" : "af4899004ae04ff7cc5bb53ff9aedc156d1fb387b14ca12a01ceacd63b9aa529",
  "pins" : [
    {
      "identity" : "midi2",
      "kind" : "remoteSourceControl",
      "location" : "https://github.com/Fountain-Coach/midi2",
      "state" : {
        "revision" : "8fb9904495e4e9296e86e41ac3df05addef212a1",
        "version" : "0.3.0"
      }
    },
    {
      "identity" : "swift-argument-parser",
      "kind" : "remoteSourceControl",
      "location" : "https://github.com/apple/swift-argument-parser",
      "state" : {
        "revision" : "309a47b2b1d9b5e991f36961c983ecec72275be3",
        "version" : "1.6.1"
      }
    },
    {
      "identity" : "swift-tools-support-core",
      "kind" : "remoteSourceControl",
      "location" : "https://github.com/swiftlang/swift-tools-support-core",
      "state" : {
        "revision" : "e8fbc8b05a155f311b862178d92d043afb216fe3",
        "version" : "0.7.3"
      }
    }
  ],
  "version" : 3
}
